
Microsoft Visual Studio Solution File, Format Version 12.00
# Visual Studio 15
VisualStudioVersion = 15.0.26124.0
MinimumVisualStudioVersion = 15.0.26124.0
Project("{FAE04EC0-301F-11D3-BF4B-00C04F79EFBC}") = "api", "api\api.csproj", "{0FBB4E39-7BA7-4BCD-BB7B-52DC4DCBBEBD}"
EndProject
Project("{FAE04EC0-301F-11D3-BF4B-00C04F79EFBC}") = "lib", "lib\lib.csproj", "{15D8B3D9-ABD9-46F4-A8AD-3E595BEEE431}"
EndProject
Global
	GlobalSection(SolutionConfigurationPlatforms) = preSolution
		Debug|Any CPU = Debug|Any CPU
		Debug|x64 = Debug|x64
		Debug|x86 = Debug|x86
		Release|Any CPU = Release|Any CPU
		Release|x64 = Release|x64
		Release|x86 = Release|x86
	EndGlobalSection
	GlobalSection(SolutionProperties) = preSolution
		HideSolutionNode = FALSE
	EndGlobalSection
	GlobalSection(ProjectConfigurationPlatforms) = postSolution
		{0FBB4E39-7BA7-4BCD-BB7B-52DC4DCBBEBD}.Debug|Any CPU.ActiveCfg = Debug|Any CPU
		{0FBB4E39-7BA7-4BCD-BB7B-52DC4DCBBEBD}.Debug|Any CPU.Build.0 = Debug|Any CPU
		{0FBB4E39-7BA7-4BCD-BB7B-52DC4DCBBEBD}.Debug|x64.ActiveCfg = Debug|Any CPU
		{0FBB4E39-7BA7-4BCD-BB7B-52DC4DCBBEBD}.Debug|x64.Build.0 = Debug|Any CPU
		{0FBB4E39-7BA7-4BCD-BB7B-52DC4DCBBEBD}.Debug|x86.ActiveCfg = Debug|Any CPU
		{0FBB4E39-7BA7-4BCD-BB7B-52DC4DCBBEBD}.Debug|x86.Build.0 = Debug|Any CPU
		{0FBB4E39-7BA7-4BCD-BB7B-52DC4DCBBEBD}.Release|Any CPU.ActiveCfg = Release|Any CPU
		{0FBB4E39-7BA7-4BCD-BB7B-52DC4DCBBEBD}.Release|Any CPU.Build.0 = Release|Any CPU
		{0FBB4E39-7BA7-4BCD-BB7B-52DC4DCBBEBD}.Release|x64.ActiveCfg = Release|Any CPU
		{0FBB4E39-7BA7-4BCD-BB7B-52DC4DCBBEBD}.Release|x64.Build.0 = Release|Any CPU
		{0FBB4E39-7BA7-4BCD-BB7B-52DC4DCBBEBD}.Release|x86.ActiveCfg = Release|Any CPU
		{0FBB4E39-7BA7-4BCD-BB7B-52DC4DCBBEBD}.Release|x86.Build.0 = Release|Any CPU
		{15D8B3D9-ABD9-46F4-A8AD-3E595BEEE431}.Debug|Any CPU.ActiveCfg = Debug|Any CPU
		{15D8B3D9-ABD9-46F4-A8AD-3E595BEEE431}.Debug|Any CPU.Build.0 = Debug|Any CPU
		{15D8B3D9-ABD9-46F4-A8AD-3E595BEEE431}.Debug|x64.ActiveCfg = Debug|Any CPU
		{15D8B3D9-ABD9-46F4-A8AD-3E595BEEE431}.Debug|x64.Build.0 = Debug|Any CPU
		{15D8B3D9-ABD9-46F4-A8AD-3E595BEEE431}.Debug|x86.ActiveCfg = Debug|Any CPU
		{15D8B3D9-ABD9-46F4-A8AD-3E595BEEE431}.Debug|x86.Build.0 = Debug|Any CPU
		{15D8B3D9-ABD9-46F4-A8AD-3E595BEEE431}.Release|Any CPU.ActiveCfg = Release|Any CPU
		{15D8B3D9-ABD9-46F4-A8AD-3E595BEEE431}.Release|Any CPU.Build.0 = Release|Any CPU
		{15D8B3D9-ABD9-46F4-A8AD-3E595BEEE431}.Release|x64.ActiveCfg = Release|Any CPU
		{15D8B3D9-ABD9-46F4-A8AD-3E595BEEE431}.Release|x64.Build.0 = Release|Any CPU
		{15D8B3D9-ABD9-46F4-A8AD-3E595BEEE431}.Release|x86.ActiveCfg = Release|Any CPU
		{15D8B3D9-ABD9-46F4-A8AD-3E595BEEE431}.Release|x86.Build.0 = Release|Any CPU
	EndGlobalSection
EndGlobal
